
Microsoft Visual Studio Solution File, Format Version 12.00
# Visual Studio 2012
Project("{FAE04EC0-301F-11D3-BF4B-00C04F79EFBC}") = "Renocimiento facial Tu Codigo", "Renocimiento facial Tu Codigo.csproj", "{517CCE32-9D62-4B79-B365-B75D8DCFBC01}"
EndProject
Global
	GlobalSection(SolutionConfigurationPlatforms) = preSolution
		Debug|Any CPU = Debug|Any CPU
		Release|Any CPU = Release|Any CPU
	EndGlobalSection
	GlobalSection(ProjectConfigurationPlatforms) = postSolution
		{517CCE32-9D62-4B79-B365-B75D8DCFBC01}.Debug|Any CPU.ActiveCfg = Debug|Any CPU
		{517CCE32-9D62-4B79-B365-B75D8DCFBC01}.Debug|Any CPU.Build.0 = Debug|Any CPU
		{517CCE32-9D62-4B79-B365-B75D8DCFBC01}.Release|Any CPU.ActiveCfg = Release|Any CPU
		{517CCE32-9D62-4B79-B365-B75D8DCFBC01}.Release|Any CPU.Build.0 = Release|Any CPU
	EndGlobalSection
	GlobalSection(SolutionProperties) = preSolution
		HideSolutionNode = FALSE
	EndGlobalSection
EndGlobal
